{
  "pins" : [
    {
      "identity" : "characteristickit",
      "kind" : "remoteSourceControl",
      "location" : "https://github.com/persello/characteristickit",
      "state" : {
        "branch" : "main",
        "revision" : "77278913448c06bf5ad41056c2c6ec4c0ec94a3a"
      }
    },
    {
      "identity" : "runtime",
      "kind" : "remoteSourceControl",
      "location" : "https://github.com/wickwirew/Runtime.git",
      "state" : {
        "revision" : "dad03135d7701a4e7b3a4051e75d6b37bd8e178e",
        "version" : "2.2.4"
      }
    }
  ],
  "version" : 2
}
