// !$*UTF8*$!
{
	archiveVersion = 1;
	classes = {
	};
	objectVersion = 56;
	objects = {

/* Begin PBXBuildFile section */
		8B1F230C291D383D00B9BF9F /* TimingWindowConfigurationForm.swift in Sources */ = {isa = PBXBuildFile; fileRef = 8B1F230B291D383D00B9BF9F /* TimingWindowConfigurationForm.swift */; };
		8B1F230E291D38CF00B9BF9F /* SingleTimingView.swift in Sources */ = {isa = PBXBuildFile; fileRef = 8B1F230D291D38CF00B9BF9F /* SingleTimingView.swift */; };
		8B443E23295E11360083F41E /* ChartStackView.swift in Sources */ = {isa = PBXBuildFile; fileRef = 8B443E22295E11360083F41E /* ChartStackView.swift */; };
		8B55CC40292BB1B6000F57FE /* ElectricConfigurationProtocol.swift in Sources */ = {isa = PBXBuildFile; fileRef = 8B55CC3F292BB1B6000F57FE /* ElectricConfigurationProtocol.swift */; };
		8B55CC42292BB833000F57FE /* RawSensorDataProtocol.swift in Sources */ = {isa = PBXBuildFile; fileRef = 8B55CC41292BB833000F57FE /* RawSensorDataProtocol.swift */; };
		8B55CC44292BB905000F57FE /* RawSensorData.swift in Sources */ = {isa = PBXBuildFile; fileRef = 8B55CC43292BB905000F57FE /* RawSensorData.swift */; };
		8B55CC46292BBA87000F57FE /* FakeRawSensorData.swift in Sources */ = {isa = PBXBuildFile; fileRef = 8B55CC45292BBA87000F57FE /* FakeRawSensorData.swift */; };
		8B560DC929546F2F00564909 /* ElectricConfigurationView.swift in Sources */ = {isa = PBXBuildFile; fileRef = 8B560DC829546F2F00564909 /* ElectricConfigurationView.swift */; };
		8B560DCB295472C300564909 /* ElectricConfiguration.swift in Sources */ = {isa = PBXBuildFile; fileRef = 8B560DCA295472C300564909 /* ElectricConfiguration.swift */; };
		8B560DCD2954752C00564909 /* FakeElectricConfiguration.swift in Sources */ = {isa = PBXBuildFile; fileRef = 8B560DCC2954752C00564909 /* FakeElectricConfiguration.swift */; };
		8B560DD029547F2D00564909 /* Collection+safe.swift in Sources */ = {isa = PBXBuildFile; fileRef = 8B560DCF29547F2D00564909 /* Collection+safe.swift */; };
		8B57AB7E2956203E009BE1A3 /* CharacteristicKit in Frameworks */ = {isa = PBXBuildFile; productRef = 8B57AB7D2956203E009BE1A3 /* CharacteristicKit */; };
		8B5830B62927E823006DADA3 /* ChartView.swift in Sources */ = {isa = PBXBuildFile; fileRef = 8B5830B52927E823006DADA3 /* ChartView.swift */; };
		8B5D68BD28E8F730003B191F /* DeviceManager.swift in Sources */ = {isa = PBXBuildFile; fileRef = 8B5D68BC28E8F730003B191F /* DeviceManager.swift */; };
		8B678B8D28AFEC78009ECC97 /* pulse_loopApp.swift in Sources */ = {isa = PBXBuildFile; fileRef = 8B678B8C28AFEC78009ECC97 /* pulse_loopApp.swift */; };
		8B678B9128AFEC79009ECC97 /* Assets.xcassets in Resources */ = {isa = PBXBuildFile; fileRef = 8B678B9028AFEC79009ECC97 /* Assets.xcassets */; };
		8B678B9528AFEC79009ECC97 /* Preview Assets.xcassets in Resources */ = {isa = PBXBuildFile; fileRef = 8B678B9428AFEC79009ECC97 /* Preview Assets.xcassets */; };
		8B6A14F729168FD0000FA821 /* DeviceSelectionView.swift in Sources */ = {isa = PBXBuildFile; fileRef = 8B6A14F629168FD0000FA821 /* DeviceSelectionView.swift */; };
		8B6A14F92916909E000FA821 /* BLEDevice.swift in Sources */ = {isa = PBXBuildFile; fileRef = 8B6A14F82916909E000FA821 /* BLEDevice.swift */; };
		8B6A14FB291693A5000FA821 /* CBUUIDs.swift in Sources */ = {isa = PBXBuildFile; fileRef = 8B6A14FA291693A5000FA821 /* CBUUIDs.swift */; };
		8B6A14FF2916A01B000FA821 /* TimingWindowProtocol.swift in Sources */ = {isa = PBXBuildFile; fileRef = 8B6A14FE2916A01A000FA821 /* TimingWindowProtocol.swift */; };
		8B6A15012916A162000FA821 /* TIA.swift in Sources */ = {isa = PBXBuildFile; fileRef = 8B6A15002916A161000FA821 /* TIA.swift */; };
		8B6A15032916A1E4000FA821 /* TimeInterval+Microseconds.swift in Sources */ = {isa = PBXBuildFile; fileRef = 8B6A15022916A1E4000FA821 /* TimeInterval+Microseconds.swift */; };
		8B6A15052916A358000FA821 /* TimingWindow.swift in Sources */ = {isa = PBXBuildFile; fileRef = 8B6A15042916A358000FA821 /* TimingWindow.swift */; };
		8B7E66C22901B91000DA1C3D /* DeviceManager+CBCentralManagerDelegate.swift in Sources */ = {isa = PBXBuildFile; fileRef = 8B7E66C12901B91000DA1C3D /* DeviceManager+CBCentralManagerDelegate.swift */; };
		8BB68AD72906B3AF00AD753B /* ContentView.swift in Sources */ = {isa = PBXBuildFile; fileRef = 8B678B8E28AFEC78009ECC97 /* ContentView.swift */; };
		8BB68AD92906B3D200AD753B /* TimingWindowConfigurationView.swift in Sources */ = {isa = PBXBuildFile; fileRef = 8BB68AD82906B3D200AD753B /* TimingWindowConfigurationView.swift */; };
		8BB68ADB2906BBFF00AD753B /* FakeDevice.swift in Sources */ = {isa = PBXBuildFile; fileRef = 8BB68ADA2906BBFF00AD753B /* FakeDevice.swift */; };
		8BB68AE22906C1D100AD753B /* DeviceProtocol.swift in Sources */ = {isa = PBXBuildFile; fileRef = 8BB68AE12906C1D100AD753B /* DeviceProtocol.swift */; };
		8BDDC31D291E744E00FDE269 /* DeviceListItem.swift in Sources */ = {isa = PBXBuildFile; fileRef = 8BDDC31C291E744E00FDE269 /* DeviceListItem.swift */; };
		8BE12B6E2913DBBC00AD2FF9 /* FakeTimingWindow.swift in Sources */ = {isa = PBXBuildFile; fileRef = 8BE12B6D2913DBBC00AD2FF9 /* FakeTimingWindow.swift */; };
		8BE12B702914132400AD2FF9 /* TimingWindowGraphView.swift in Sources */ = {isa = PBXBuildFile; fileRef = 8BE12B6F2914132400AD2FF9 /* TimingWindowGraphView.swift */; };
		8BE33036295DA65200CB4D81 /* LabeledSliderView.swift in Sources */ = {isa = PBXBuildFile; fileRef = 8BE33035295DA65200CB4D81 /* LabeledSliderView.swift */; };
/* End PBXBuildFile section */

/* Begin PBXFileReference section */
		8B1F230B291D383D00B9BF9F /* TimingWindowConfigurationForm.swift */ = {isa = PBXFileReference; lastKnownFileType = sourcecode.swift; path = TimingWindowConfigurationForm.swift; sourceTree = "<group>"; };
		8B1F230D291D38CF00B9BF9F /* SingleTimingView.swift */ = {isa = PBXFileReference; lastKnownFileType = sourcecode.swift; path = SingleTimingView.swift; sourceTree = "<group>"; };
		8B443E22295E11360083F41E /* ChartStackView.swift */ = {isa = PBXFileReference; lastKnownFileType = sourcecode.swift; path = ChartStackView.swift; sourceTree = "<group>"; };
		8B55CC3F292BB1B6000F57FE /* ElectricConfigurationProtocol.swift */ = {isa = PBXFileReference; lastKnownFileType = sourcecode.swift; path = ElectricConfigurationProtocol.swift; sourceTree = "<group>"; };
		8B55CC41292BB833000F57FE /* RawSensorDataProtocol.swift */ = {isa = PBXFileReference; lastKnownFileType = sourcecode.swift; path = RawSensorDataProtocol.swift; sourceTree = "<group>"; };
		8B55CC43292BB905000F57FE /* RawSensorData.swift */ = {isa = PBXFileReference; lastKnownFileType = sourcecode.swift; path = RawSensorData.swift; sourceTree = "<group>"; };
		8B55CC45292BBA87000F57FE /* FakeRawSensorData.swift */ = {isa = PBXFileReference; lastKnownFileType = sourcecode.swift; path = FakeRawSensorData.swift; sourceTree = "<group>"; };
		8B560DC829546F2F00564909 /* ElectricConfigurationView.swift */ = {isa = PBXFileReference; lastKnownFileType = sourcecode.swift; path = ElectricConfigurationView.swift; sourceTree = "<group>"; };
		8B560DCA295472C300564909 /* ElectricConfiguration.swift */ = {isa = PBXFileReference; lastKnownFileType = sourcecode.swift; path = ElectricConfiguration.swift; sourceTree = "<group>"; };
		8B560DCC2954752C00564909 /* FakeElectricConfiguration.swift */ = {isa = PBXFileReference; lastKnownFileType = sourcecode.swift; path = FakeElectricConfiguration.swift; sourceTree = "<group>"; };
		8B560DCF29547F2D00564909 /* Collection+safe.swift */ = {isa = PBXFileReference; lastKnownFileType = sourcecode.swift; path = "Collection+safe.swift"; sourceTree = "<group>"; };
		8B5830B52927E823006DADA3 /* ChartView.swift */ = {isa = PBXFileReference; fileEncoding = 4; lastKnownFileType = sourcecode.swift; path = ChartView.swift; sourceTree = "<group>"; };
		8B5D68BC28E8F730003B191F /* DeviceManager.swift */ = {isa = PBXFileReference; lastKnownFileType = sourcecode.swift; path = DeviceManager.swift; sourceTree = "<group>"; };
		8B678B8928AFEC78009ECC97 /* pulse.loop.app */ = {isa = PBXFileReference; explicitFileType = wrapper.application; includeInIndex = 0; path = pulse.loop.app; sourceTree = BUILT_PRODUCTS_DIR; };
		8B678B8C28AFEC78009ECC97 /* pulse_loopApp.swift */ = {isa = PBXFileReference; lastKnownFileType = sourcecode.swift; path = pulse_loopApp.swift; sourceTree = "<group>"; };
		8B678B8E28AFEC78009ECC97 /* ContentView.swift */ = {isa = PBXFileReference; lastKnownFileType = sourcecode.swift; path = ContentView.swift; sourceTree = "<group>"; };
		8B678B9028AFEC79009ECC97 /* Assets.xcassets */ = {isa = PBXFileReference; lastKnownFileType = folder.assetcatalog; path = Assets.xcassets; sourceTree = "<group>"; };
		8B678B9228AFEC79009ECC97 /* pulse_loop.entitlements */ = {isa = PBXFileReference; lastKnownFileType = text.plist.entitlements; path = pulse_loop.entitlements; sourceTree = "<group>"; };
		8B678B9428AFEC79009ECC97 /* Preview Assets.xcassets */ = {isa = PBXFileReference; lastKnownFileType = folder.assetcatalog; path = "Preview Assets.xcassets"; sourceTree = "<group>"; };
		8B6A14F629168FD0000FA821 /* DeviceSelectionView.swift */ = {isa = PBXFileReference; lastKnownFileType = sourcecode.swift; path = DeviceSelectionView.swift; sourceTree = "<group>"; };
		8B6A14F82916909E000FA821 /* BLEDevice.swift */ = {isa = PBXFileReference; lastKnownFileType = sourcecode.swift; path = BLEDevice.swift; sourceTree = "<group>"; };
		8B6A14FA291693A5000FA821 /* CBUUIDs.swift */ = {isa = PBXFileReference; lastKnownFileType = sourcecode.swift; path = CBUUIDs.swift; sourceTree = "<group>"; };
		8B6A14FE2916A01A000FA821 /* TimingWindowProtocol.swift */ = {isa = PBXFileReference; lastKnownFileType = sourcecode.swift; path = TimingWindowProtocol.swift; sourceTree = "<group>"; };
		8B6A15002916A161000FA821 /* TIA.swift */ = {isa = PBXFileReference; lastKnownFileType = sourcecode.swift; path = TIA.swift; sourceTree = "<group>"; };
		8B6A15022916A1E4000FA821 /* TimeInterval+Microseconds.swift */ = {isa = PBXFileReference; lastKnownFileType = sourcecode.swift; path = "TimeInterval+Microseconds.swift"; sourceTree = "<group>"; };
		8B6A15042916A358000FA821 /* TimingWindow.swift */ = {isa = PBXFileReference; lastKnownFileType = sourcecode.swift; path = TimingWindow.swift; sourceTree = "<group>"; };
		8B7E66C12901B91000DA1C3D /* DeviceManager+CBCentralManagerDelegate.swift */ = {isa = PBXFileReference; lastKnownFileType = sourcecode.swift; path = "DeviceManager+CBCentralManagerDelegate.swift"; sourceTree = "<group>"; };
		8B7E66C32901BDE300DA1C3D /* pulse-loop-Info.plist */ = {isa = PBXFileReference; lastKnownFileType = text.plist; path = "pulse-loop-Info.plist"; sourceTree = SOURCE_ROOT; };
		8BB68AD82906B3D200AD753B /* TimingWindowConfigurationView.swift */ = {isa = PBXFileReference; lastKnownFileType = sourcecode.swift; path = TimingWindowConfigurationView.swift; sourceTree = "<group>"; };
		8BB68ADA2906BBFF00AD753B /* FakeDevice.swift */ = {isa = PBXFileReference; lastKnownFileType = sourcecode.swift; path = FakeDevice.swift; sourceTree = "<group>"; };
		8BB68AE12906C1D100AD753B /* DeviceProtocol.swift */ = {isa = PBXFileReference; lastKnownFileType = sourcecode.swift; path = DeviceProtocol.swift; sourceTree = "<group>"; };
		8BDDC31C291E744E00FDE269 /* DeviceListItem.swift */ = {isa = PBXFileReference; lastKnownFileType = sourcecode.swift; path = DeviceListItem.swift; sourceTree = "<group>"; };
		8BE12B6D2913DBBC00AD2FF9 /* FakeTimingWindow.swift */ = {isa = PBXFileReference; lastKnownFileType = sourcecode.swift; path = FakeTimingWindow.swift; sourceTree = "<group>"; };
		8BE12B6F2914132400AD2FF9 /* TimingWindowGraphView.swift */ = {isa = PBXFileReference; lastKnownFileType = sourcecode.swift; path = TimingWindowGraphView.swift; sourceTree = "<group>"; };
		8BE33035295DA65200CB4D81 /* LabeledSliderView.swift */ = {isa = PBXFileReference; lastKnownFileType = sourcecode.swift; path = LabeledSliderView.swift; sourceTree = "<group>"; };
/* End PBXFileReference section */

/* Begin PBXFrameworksBuildPhase section */
		8B678B8628AFEC78009ECC97 /* Frameworks */ = {
			isa = PBXFrameworksBuildPhase;
			buildActionMask = 2147483647;
			files = (
				8B57AB7E2956203E009BE1A3 /* CharacteristicKit in Frameworks */,
			);
			runOnlyForDeploymentPostprocessing = 0;
		};
/* End PBXFrameworksBuildPhase section */

/* Begin PBXGroup section */
		8B560DCE29547F0F00564909 /* Utilities */ = {
			isa = PBXGroup;
			children = (
				8B6A15022916A1E4000FA821 /* TimeInterval+Microseconds.swift */,
				8B560DCF29547F2D00564909 /* Collection+safe.swift */,
			);
			path = Utilities;
			sourceTree = "<group>";
		};
		8B678B8028AFEC78009ECC97 = {
			isa = PBXGroup;
			children = (
				8B678B8B28AFEC78009ECC97 /* pulse.loop */,
				8B678B8A28AFEC78009ECC97 /* Products */,
				8BE96D702923D5BE00C6932E /* Frameworks */,
			);
			sourceTree = "<group>";
		};
		8B678B8A28AFEC78009ECC97 /* Products */ = {
			isa = PBXGroup;
			children = (
				8B678B8928AFEC78009ECC97 /* pulse.loop.app */,
			);
			name = Products;
			sourceTree = "<group>";
		};
		8B678B8B28AFEC78009ECC97 /* pulse.loop */ = {
			isa = PBXGroup;
			children = (
				8B7E66C02901B8EF00DA1C3D /* Bluetooth */,
				8BB68ADC2906BC1A00AD753B /* Models */,
				8BB68AD62906B38C00AD753B /* Views */,
				8B560DCE29547F0F00564909 /* Utilities */,
				8B7E66C32901BDE300DA1C3D /* pulse-loop-Info.plist */,
				8B678B8C28AFEC78009ECC97 /* pulse_loopApp.swift */,
				8B678B9028AFEC79009ECC97 /* Assets.xcassets */,
				8B678B9228AFEC79009ECC97 /* pulse_loop.entitlements */,
				8B678B9328AFEC79009ECC97 /* Preview Content */,
			);
			path = pulse.loop;
			sourceTree = "<group>";
		};
		8B678B9328AFEC79009ECC97 /* Preview Content */ = {
			isa = PBXGroup;
			children = (
				8B678B9428AFEC79009ECC97 /* Preview Assets.xcassets */,
			);
			path = "Preview Content";
			sourceTree = "<group>";
		};
		8B6A14FC29169FB0000FA821 /* Fake */ = {
			isa = PBXGroup;
			children = (
				8BB68ADA2906BBFF00AD753B /* FakeDevice.swift */,
				8B560DCC2954752C00564909 /* FakeElectricConfiguration.swift */,
				8B55CC45292BBA87000F57FE /* FakeRawSensorData.swift */,
				8BE12B6D2913DBBC00AD2FF9 /* FakeTimingWindow.swift */,
			);
			path = Fake;
			sourceTree = "<group>";
		};
		8B6A14FD29169FF2000FA821 /* Protocols */ = {
			isa = PBXGroup;
			children = (
				8BB68AE12906C1D100AD753B /* DeviceProtocol.swift */,
				8B55CC3F292BB1B6000F57FE /* ElectricConfigurationProtocol.swift */,
				8B55CC41292BB833000F57FE /* RawSensorDataProtocol.swift */,
				8B6A14FE2916A01A000FA821 /* TimingWindowProtocol.swift */,
			);
			path = Protocols;
			sourceTree = "<group>";
		};
		8B6A15062916A35E000FA821 /* Real */ = {
			isa = PBXGroup;
			children = (
				8B6A14F82916909E000FA821 /* BLEDevice.swift */,
				8B560DCA295472C300564909 /* ElectricConfiguration.swift */,
				8B55CC43292BB905000F57FE /* RawSensorData.swift */,
				8B6A15042916A358000FA821 /* TimingWindow.swift */,
			);
			path = Real;
			sourceTree = "<group>";
		};
		8B7E66C02901B8EF00DA1C3D /* Bluetooth */ = {
			isa = PBXGroup;
			children = (
				8B5D68BC28E8F730003B191F /* DeviceManager.swift */,
				8B7E66C12901B91000DA1C3D /* DeviceManager+CBCentralManagerDelegate.swift */,
				8B6A14FA291693A5000FA821 /* CBUUIDs.swift */,
			);
			path = Bluetooth;
			sourceTree = "<group>";
		};
		8BB68AD62906B38C00AD753B /* Views */ = {
			isa = PBXGroup;
			children = (
				8B5830B52927E823006DADA3 /* ChartView.swift */,
				8B678B8E28AFEC78009ECC97 /* ContentView.swift */,
				8BDDC31C291E744E00FDE269 /* DeviceListItem.swift */,
				8B6A14F629168FD0000FA821 /* DeviceSelectionView.swift */,
				8B560DC829546F2F00564909 /* ElectricConfigurationView.swift */,
				8B1F230B291D383D00B9BF9F /* TimingWindowConfigurationForm.swift */,
				8BB68AD82906B3D200AD753B /* TimingWindowConfigurationView.swift */,
				8BE12B6F2914132400AD2FF9 /* TimingWindowGraphView.swift */,
				8B1F230D291D38CF00B9BF9F /* SingleTimingView.swift */,
				8BE33035295DA65200CB4D81 /* LabeledSliderView.swift */,
				8B443E22295E11360083F41E /* ChartStackView.swift */,
			);
			path = Views;
			sourceTree = "<group>";
		};
		8BB68ADC2906BC1A00AD753B /* Models */ = {
			isa = PBXGroup;
			children = (
				8B6A15062916A35E000FA821 /* Real */,
				8B6A14FD29169FF2000FA821 /* Protocols */,
				8B6A14FC29169FB0000FA821 /* Fake */,
				8B6A15002916A161000FA821 /* TIA.swift */,
			);
			path = Models;
			sourceTree = "<group>";
		};
		8BE96D702923D5BE00C6932E /* Frameworks */ = {
			isa = PBXGroup;
			children = (
			);
			name = Frameworks;
			sourceTree = "<group>";
		};
/* End PBXGroup section */

/* Begin PBXNativeTarget section */
		8B678B8828AFEC78009ECC97 /* pulse.loop */ = {
			isa = PBXNativeTarget;
			buildConfigurationList = 8B678B9828AFEC79009ECC97 /* Build configuration list for PBXNativeTarget "pulse.loop" */;
			buildPhases = (
				8B678B8528AFEC78009ECC97 /* Sources */,
				8B678B8628AFEC78009ECC97 /* Frameworks */,
				8B678B8728AFEC78009ECC97 /* Resources */,
			);
			buildRules = (
			);
			dependencies = (
			);
			name = pulse.loop;
			packageProductDependencies = (
				8B57AB7D2956203E009BE1A3 /* CharacteristicKit */,
			);
			productName = pulse.loop;
			productReference = 8B678B8928AFEC78009ECC97 /* pulse.loop.app */;
			productType = "com.apple.product-type.application";
		};
/* End PBXNativeTarget section */

/* Begin PBXProject section */
		8B678B8128AFEC78009ECC97 /* Project object */ = {
			isa = PBXProject;
			attributes = {
				BuildIndependentTargetsInParallel = 1;
				LastSwiftUpdateCheck = 1400;
				LastUpgradeCheck = 1410;
				TargetAttributes = {
					8B678B8828AFEC78009ECC97 = {
						CreatedOnToolsVersion = 14.0;
					};
				};
			};
			buildConfigurationList = 8B678B8428AFEC78009ECC97 /* Build configuration list for PBXProject "pulse.loop" */;
			compatibilityVersion = "Xcode 14.0";
			developmentRegion = en;
			hasScannedForEncodings = 0;
			knownRegions = (
				en,
				Base,
			);
			mainGroup = 8B678B8028AFEC78009ECC97;
			packageReferences = (
				8B57AB7C2956203E009BE1A3 /* XCRemoteSwiftPackageReference "CharacteristicKit" */,
			);
			productRefGroup = 8B678B8A28AFEC78009ECC97 /* Products */;
			projectDirPath = "";
			projectRoot = "";
			targets = (
				8B678B8828AFEC78009ECC97 /* pulse.loop */,
			);
		};
/* End PBXProject section */

/* Begin PBXResourcesBuildPhase section */
		8B678B8728AFEC78009ECC97 /* Resources */ = {
			isa = PBXResourcesBuildPhase;
			buildActionMask = 2147483647;
			files = (
				8B678B9528AFEC79009ECC97 /* Preview Assets.xcassets in Resources */,
				8B678B9128AFEC79009ECC97 /* Assets.xcassets in Resources */,
			);
			runOnlyForDeploymentPostprocessing = 0;
		};
/* End PBXResourcesBuildPhase section */

/* Begin PBXSourcesBuildPhase section */
		8B678B8528AFEC78009ECC97 /* Sources */ = {
			isa = PBXSourcesBuildPhase;
			buildActionMask = 2147483647;
			files = (
				8B7E66C22901B91000DA1C3D /* DeviceManager+CBCentralManagerDelegate.swift in Sources */,
				8B1F230C291D383D00B9BF9F /* TimingWindowConfigurationForm.swift in Sources */,
				8B560DCD2954752C00564909 /* FakeElectricConfiguration.swift in Sources */,
				8B55CC46292BBA87000F57FE /* FakeRawSensorData.swift in Sources */,
				8BE12B6E2913DBBC00AD2FF9 /* FakeTimingWindow.swift in Sources */,
				8B6A15032916A1E4000FA821 /* TimeInterval+Microseconds.swift in Sources */,
				8B6A15012916A162000FA821 /* TIA.swift in Sources */,
				8B5D68BD28E8F730003B191F /* DeviceManager.swift in Sources */,
				8B443E23295E11360083F41E /* ChartStackView.swift in Sources */,
				8BB68ADB2906BBFF00AD753B /* FakeDevice.swift in Sources */,
				8BE12B702914132400AD2FF9 /* TimingWindowGraphView.swift in Sources */,
				8B5830B62927E823006DADA3 /* ChartView.swift in Sources */,
				8B560DCB295472C300564909 /* ElectricConfiguration.swift in Sources */,
				8BB68AD72906B3AF00AD753B /* ContentView.swift in Sources */,
				8BDDC31D291E744E00FDE269 /* DeviceListItem.swift in Sources */,
				8B6A14FB291693A5000FA821 /* CBUUIDs.swift in Sources */,
				8B55CC40292BB1B6000F57FE /* ElectricConfigurationProtocol.swift in Sources */,
				8B678B8D28AFEC78009ECC97 /* pulse_loopApp.swift in Sources */,
				8B6A14F729168FD0000FA821 /* DeviceSelectionView.swift in Sources */,
				8B55CC44292BB905000F57FE /* RawSensorData.swift in Sources */,
				8BB68AE22906C1D100AD753B /* DeviceProtocol.swift in Sources */,
				8B1F230E291D38CF00B9BF9F /* SingleTimingView.swift in Sources */,
				8BE33036295DA65200CB4D81 /* LabeledSliderView.swift in Sources */,
				8B560DC929546F2F00564909 /* ElectricConfigurationView.swift in Sources */,
				8BB68AD92906B3D200AD753B /* TimingWindowConfigurationView.swift in Sources */,
				8B6A14FF2916A01B000FA821 /* TimingWindowProtocol.swift in Sources */,
				8B6A14F92916909E000FA821 /* BLEDevice.swift in Sources */,
				8B55CC42292BB833000F57FE /* RawSensorDataProtocol.swift in Sources */,
				8B560DD029547F2D00564909 /* Collection+safe.swift in Sources */,
				8B6A15052916A358000FA821 /* TimingWindow.swift in Sources */,
			);
			runOnlyForDeploymentPostprocessing = 0;
		};
/* End PBXSourcesBuildPhase section */

/* Begin XCBuildConfiguration section */
		8B678B9628AFEC79009ECC97 /* Debug */ = {
			isa = XCBuildConfiguration;
			buildSettings = {
				ALWAYS_SEARCH_USER_PATHS = NO;
				CLANG_ANALYZER_NONNULL = YES;
				CLANG_ANALYZER_NUMBER_OBJECT_CONVERSION = YES_AGGRESSIVE;
				CLANG_CXX_LANGUAGE_STANDARD = "gnu++20";
				CLANG_ENABLE_MODULES = YES;
				CLANG_ENABLE_OBJC_ARC = YES;
				CLANG_ENABLE_OBJC_WEAK = YES;
				CLANG_WARN_BLOCK_CAPTURE_AUTORELEASING = YES;
				CLANG_WARN_BOOL_CONVERSION = YES;
				CLANG_WARN_COMMA = YES;
				CLANG_WARN_CONSTANT_CONVERSION = YES;
				CLANG_WARN_DEPRECATED_OBJC_IMPLEMENTATIONS = YES;
				CLANG_WARN_DIRECT_OBJC_ISA_USAGE = YES_ERROR;
				CLANG_WARN_DOCUMENTATION_COMMENTS = YES;
				CLANG_WARN_EMPTY_BODY = YES;
				CLANG_WARN_ENUM_CONVERSION = YES;
				CLANG_WARN_INFINITE_RECURSION = YES;
				CLANG_WARN_INT_CONVERSION = YES;
				CLANG_WARN_NON_LITERAL_NULL_CONVERSION = YES;
				CLANG_WARN_OBJC_IMPLICIT_RETAIN_SELF = YES;
				CLANG_WARN_OBJC_LITERAL_CONVERSION = YES;
				CLANG_WARN_OBJC_ROOT_CLASS = YES_ERROR;
				CLANG_WARN_QUOTED_INCLUDE_IN_FRAMEWORK_HEADER = YES;
				CLANG_WARN_RANGE_LOOP_ANALYSIS = YES;
				CLANG_WARN_STRICT_PROTOTYPES = YES;
				CLANG_WARN_SUSPICIOUS_MOVE = YES;
				CLANG_WARN_UNGUARDED_AVAILABILITY = YES_AGGRESSIVE;
				CLANG_WARN_UNREACHABLE_CODE = YES;
				CLANG_WARN__DUPLICATE_METHOD_MATCH = YES;
				COPY_PHASE_STRIP = NO;
				DEAD_CODE_STRIPPING = YES;
				DEBUG_INFORMATION_FORMAT = dwarf;
				ENABLE_STRICT_OBJC_MSGSEND = YES;
				ENABLE_TESTABILITY = YES;
				GCC_C_LANGUAGE_STANDARD = gnu11;
				GCC_DYNAMIC_NO_PIC = NO;
				GCC_NO_COMMON_BLOCKS = YES;
				GCC_OPTIMIZATION_LEVEL = 0;
				GCC_PREPROCESSOR_DEFINITIONS = (
					"DEBUG=1",
					"$(inherited)",
				);
				GCC_WARN_64_TO_32_BIT_CONVERSION = YES;
				GCC_WARN_ABOUT_RETURN_TYPE = YES_ERROR;
				GCC_WARN_UNDECLARED_SELECTOR = YES;
				GCC_WARN_UNINITIALIZED_AUTOS = YES_AGGRESSIVE;
				GCC_WARN_UNUSED_FUNCTION = YES;
				GCC_WARN_UNUSED_VARIABLE = YES;
				MTL_ENABLE_DEBUG_INFO = INCLUDE_SOURCE;
				MTL_FAST_MATH = YES;
				ONLY_ACTIVE_ARCH = YES;
				SWIFT_ACTIVE_COMPILATION_CONDITIONS = DEBUG;
				SWIFT_OPTIMIZATION_LEVEL = "-Onone";
			};
			name = Debug;
		};
		8B678B9728AFEC79009ECC97 /* Release */ = {
			isa = XCBuildConfiguration;
			buildSettings = {
				ALWAYS_SEARCH_USER_PATHS = NO;
				CLANG_ANALYZER_NONNULL = YES;
				CLANG_ANALYZER_NUMBER_OBJECT_CONVERSION = YES_AGGRESSIVE;
				CLANG_CXX_LANGUAGE_STANDARD = "gnu++20";
				CLANG_ENABLE_MODULES = YES;
				CLANG_ENABLE_OBJC_ARC = YES;
				CLANG_ENABLE_OBJC_WEAK = YES;
				CLANG_WARN_BLOCK_CAPTURE_AUTORELEASING = YES;
				CLANG_WARN_BOOL_CONVERSION = YES;
				CLANG_WARN_COMMA = YES;
				CLANG_WARN_CONSTANT_CONVERSION = YES;
				CLANG_WARN_DEPRECATED_OBJC_IMPLEMENTATIONS = YES;
				CLANG_WARN_DIRECT_OBJC_ISA_USAGE = YES_ERROR;
				CLANG_WARN_DOCUMENTATION_COMMENTS = YES;
				CLANG_WARN_EMPTY_BODY = YES;
				CLANG_WARN_ENUM_CONVERSION = YES;
				CLANG_WARN_INFINITE_RECURSION = YES;
				CLANG_WARN_INT_CONVERSION = YES;
				CLANG_WARN_NON_LITERAL_NULL_CONVERSION = YES;
				CLANG_WARN_OBJC_IMPLICIT_RETAIN_SELF = YES;
				CLANG_WARN_OBJC_LITERAL_CONVERSION = YES;
				CLANG_WARN_OBJC_ROOT_CLASS = YES_ERROR;
				CLANG_WARN_QUOTED_INCLUDE_IN_FRAMEWORK_HEADER = YES;
				CLANG_WARN_RANGE_LOOP_ANALYSIS = YES;
				CLANG_WARN_STRICT_PROTOTYPES = YES;
				CLANG_WARN_SUSPICIOUS_MOVE = YES;
				CLANG_WARN_UNGUARDED_AVAILABILITY = YES_AGGRESSIVE;
				CLANG_WARN_UNREACHABLE_CODE = YES;
				CLANG_WARN__DUPLICATE_METHOD_MATCH = YES;
				COPY_PHASE_STRIP = NO;
				DEAD_CODE_STRIPPING = YES;
				DEBUG_INFORMATION_FORMAT = "dwarf-with-dsym";
				ENABLE_NS_ASSERTIONS = NO;
				ENABLE_STRICT_OBJC_MSGSEND = YES;
				GCC_C_LANGUAGE_STANDARD = gnu11;
				GCC_NO_COMMON_BLOCKS = YES;
				GCC_WARN_64_TO_32_BIT_CONVERSION = YES;
				GCC_WARN_ABOUT_RETURN_TYPE = YES_ERROR;
				GCC_WARN_UNDECLARED_SELECTOR = YES;
				GCC_WARN_UNINITIALIZED_AUTOS = YES_AGGRESSIVE;
				GCC_WARN_UNUSED_FUNCTION = YES;
				GCC_WARN_UNUSED_VARIABLE = YES;
				MTL_ENABLE_DEBUG_INFO = NO;
				MTL_FAST_MATH = YES;
				SWIFT_COMPILATION_MODE = wholemodule;
				SWIFT_OPTIMIZATION_LEVEL = "-O";
			};
			name = Release;
		};
		8B678B9928AFEC79009ECC97 /* Debug */ = {
			isa = XCBuildConfiguration;
			buildSettings = {
				ASSETCATALOG_COMPILER_APPICON_NAME = AppIcon;
				ASSETCATALOG_COMPILER_GLOBAL_ACCENT_COLOR_NAME = AccentColor;
				CODE_SIGN_ENTITLEMENTS = pulse.loop/pulse_loop.entitlements;
				CODE_SIGN_IDENTITY = "Apple Development";
				"CODE_SIGN_IDENTITY[sdk=macosx*]" = "Apple Development";
				CODE_SIGN_STYLE = Automatic;
				CURRENT_PROJECT_VERSION = 1;
				DEAD_CODE_STRIPPING = YES;
				DEVELOPMENT_ASSET_PATHS = "\"pulse.loop/Preview Content\"";
				DEVELOPMENT_TEAM = BZTVD28H6K;
				ENABLE_HARDENED_RUNTIME = YES;
				ENABLE_PREVIEWS = YES;
				GENERATE_INFOPLIST_FILE = YES;
				INFOPLIST_FILE = "pulse-loop-Info.plist";
				INFOPLIST_KEY_CFBundleDisplayName = pulse.loop;
				INFOPLIST_KEY_LSApplicationCategoryType = "public.app-category.healthcare-fitness";
				"INFOPLIST_KEY_UIApplicationSceneManifest_Generation[sdk=iphoneos*]" = YES;
				"INFOPLIST_KEY_UIApplicationSceneManifest_Generation[sdk=iphonesimulator*]" = YES;
				"INFOPLIST_KEY_UIApplicationSupportsIndirectInputEvents[sdk=iphoneos*]" = YES;
				"INFOPLIST_KEY_UIApplicationSupportsIndirectInputEvents[sdk=iphonesimulator*]" = YES;
				"INFOPLIST_KEY_UILaunchScreen_Generation[sdk=iphoneos*]" = YES;
				"INFOPLIST_KEY_UILaunchScreen_Generation[sdk=iphonesimulator*]" = YES;
				"INFOPLIST_KEY_UIStatusBarStyle[sdk=iphoneos*]" = UIStatusBarStyleDefault;
				"INFOPLIST_KEY_UIStatusBarStyle[sdk=iphonesimulator*]" = UIStatusBarStyleDefault;
				INFOPLIST_KEY_UISupportedInterfaceOrientations_iPad = "UIInterfaceOrientationPortrait UIInterfaceOrientationPortraitUpsideDown UIInterfaceOrientationLandscapeLeft UIInterfaceOrientationLandscapeRight";
				INFOPLIST_KEY_UISupportedInterfaceOrientations_iPhone = "UIInterfaceOrientationPortrait UIInterfaceOrientationLandscapeLeft UIInterfaceOrientationLandscapeRight";
				IPHONEOS_DEPLOYMENT_TARGET = 15.6;
				LD_RUNPATH_SEARCH_PATHS = "@executable_path/Frameworks";
				"LD_RUNPATH_SEARCH_PATHS[sdk=macosx*]" = "@executable_path/../Frameworks";
				MACOSX_DEPLOYMENT_TARGET = 13.0;
				MARKETING_VERSION = 1.0;
				PRODUCT_BUNDLE_IDENTIFIER = "com.persello.pulse-loop";
				PRODUCT_NAME = "$(TARGET_NAME)";
				PROVISIONING_PROFILE_SPECIFIER = "";
				SDKROOT = auto;
				SUPPORTED_PLATFORMS = "iphoneos iphonesimulator macosx";
				SWIFT_EMIT_LOC_STRINGS = YES;
				SWIFT_VERSION = 5.0;
				TARGETED_DEVICE_FAMILY = "1,2";
			};
			name = Debug;
		};
		8B678B9A28AFEC79009ECC97 /* Release */ = {
			isa = XCBuildConfiguration;
			buildSettings = {
				ASSETCATALOG_COMPILER_APPICON_NAME = AppIcon;
				ASSETCATALOG_COMPILER_GLOBAL_ACCENT_COLOR_NAME = AccentColor;
				CODE_SIGN_ENTITLEMENTS = pulse.loop/pulse_loop.entitlements;
				CODE_SIGN_IDENTITY = "Apple Development";
				"CODE_SIGN_IDENTITY[sdk=macosx*]" = "Apple Development";
				CODE_SIGN_STYLE = Automatic;
				CURRENT_PROJECT_VERSION = 1;
				DEAD_CODE_STRIPPING = YES;
				DEVELOPMENT_ASSET_PATHS = "\"pulse.loop/Preview Content\"";
				DEVELOPMENT_TEAM = BZTVD28H6K;
				ENABLE_HARDENED_RUNTIME = YES;
				ENABLE_PREVIEWS = YES;
				GENERATE_INFOPLIST_FILE = YES;
				INFOPLIST_FILE = "pulse-loop-Info.plist";
				INFOPLIST_KEY_CFBundleDisplayName = pulse.loop;
				INFOPLIST_KEY_LSApplicationCategoryType = "public.app-category.healthcare-fitness";
				"INFOPLIST_KEY_UIApplicationSceneManifest_Generation[sdk=iphoneos*]" = YES;
				"INFOPLIST_KEY_UIApplicationSceneManifest_Generation[sdk=iphonesimulator*]" = YES;
				"INFOPLIST_KEY_UIApplicationSupportsIndirectInputEvents[sdk=iphoneos*]" = YES;
				"INFOPLIST_KEY_UIApplicationSupportsIndirectInputEvents[sdk=iphonesimulator*]" = YES;
				"INFOPLIST_KEY_UILaunchScreen_Generation[sdk=iphoneos*]" = YES;
				"INFOPLIST_KEY_UILaunchScreen_Generation[sdk=iphonesimulator*]" = YES;
				"INFOPLIST_KEY_UIStatusBarStyle[sdk=iphoneos*]" = UIStatusBarStyleDefault;
				"INFOPLIST_KEY_UIStatusBarStyle[sdk=iphonesimulator*]" = UIStatusBarStyleDefault;
				INFOPLIST_KEY_UISupportedInterfaceOrientations_iPad = "UIInterfaceOrientationPortrait UIInterfaceOrientationPortraitUpsideDown UIInterfaceOrientationLandscapeLeft UIInterfaceOrientationLandscapeRight";
				INFOPLIST_KEY_UISupportedInterfaceOrientations_iPhone = "UIInterfaceOrientationPortrait UIInterfaceOrientationLandscapeLeft UIInterfaceOrientationLandscapeRight";
				IPHONEOS_DEPLOYMENT_TARGET = 15.6;
				LD_RUNPATH_SEARCH_PATHS = "@executable_path/Frameworks";
				"LD_RUNPATH_SEARCH_PATHS[sdk=macosx*]" = "@executable_path/../Frameworks";
				MACOSX_DEPLOYMENT_TARGET = 13.0;
				MARKETING_VERSION = 1.0;
				PRODUCT_BUNDLE_IDENTIFIER = "com.persello.pulse-loop";
				PRODUCT_NAME = "$(TARGET_NAME)";
				PROVISIONING_PROFILE_SPECIFIER = "";
				SDKROOT = auto;
				SUPPORTED_PLATFORMS = "iphoneos iphonesimulator macosx";
				SWIFT_EMIT_LOC_STRINGS = YES;
				SWIFT_VERSION = 5.0;
				TARGETED_DEVICE_FAMILY = "1,2";
			};
			name = Release;
		};
/* End XCBuildConfiguration section */

/* Begin XCConfigurationList section */
		8B678B8428AFEC78009ECC97 /* Build configuration list for PBXProject "pulse.loop" */ = {
			isa = XCConfigurationList;
			buildConfigurations = (
				8B678B9628AFEC79009ECC97 /* Debug */,
				8B678B9728AFEC79009ECC97 /* Release */,
			);
			defaultConfigurationIsVisible = 0;
			defaultConfigurationName = Release;
		};
		8B678B9828AFEC79009ECC97 /* Build configuration list for PBXNativeTarget "pulse.loop" */ = {
			isa = XCConfigurationList;
			buildConfigurations = (
				8B678B9928AFEC79009ECC97 /* Debug */,
				8B678B9A28AFEC79009ECC97 /* Release */,
			);
			defaultConfigurationIsVisible = 0;
			defaultConfigurationName = Release;
		};
/* End XCConfigurationList section */

/* Begin XCRemoteSwiftPackageReference section */
		8B57AB7C2956203E009BE1A3 /* XCRemoteSwiftPackageReference "CharacteristicKit" */ = {
			isa = XCRemoteSwiftPackageReference;
			repositoryURL = "https://github.com/persello/CharacteristicKit";
			requirement = {
				branch = main;
				kind = branch;
			};
		};
/* End XCRemoteSwiftPackageReference section */

/* Begin XCSwiftPackageProductDependency section */
		8B57AB7D2956203E009BE1A3 /* CharacteristicKit */ = {
			isa = XCSwiftPackageProductDependency;
			package = 8B57AB7C2956203E009BE1A3 /* XCRemoteSwiftPackageReference "CharacteristicKit" */;
			productName = CharacteristicKit;
		};
/* End XCSwiftPackageProductDependency section */
	};
	rootObject = 8B678B8128AFEC78009ECC97 /* Project object */;
}
